
Microsoft Visual Studio Solution File, Format Version 12.00
# Visual Studio Version 18
VisualStudioVersion = 18.2.11415.280 d18.0
MinimumVisualStudioVersion = 10.0.40219.1
Project("{9A19103F-16F7-4668-BE54-9A1E7A4F7556}") = "MVCProject1", "MVCProject1.csproj", "{DB8372FC-C08B-41DD-88BA-385636AA0104}"
EndProject
Project("{9A19103F-16F7-4668-BE54-9A1E7A4F7556}") = "ViewApi", "..\ViewApi\ViewApi.csproj", "{9F06AF55-38F8-49A2-B7EF-702F4A045F39}"
EndProject
Project("{2150E333-8FDC-42A3-9474-1A3956D46DE8}") = ".github", ".github", "{56927A33-6D39-4ACC-BD79-013247C3A463}"
EndProject
Global
	GlobalSection(SolutionConfigurationPlatforms) = preSolution
		Debug|Any CPU = Debug|Any CPU
		Release|Any CPU = Release|Any CPU
	EndGlobalSection
	GlobalSection(ProjectConfigurationPlatforms) = postSolution
		{DB8372FC-C08B-41DD-88BA-385636AA0104}.Debug|Any CPU.ActiveCfg = Debug|Any CPU
		{DB8372FC-C08B-41DD-88BA-385636AA0104}.Debug|Any CPU.Build.0 = Debug|Any CPU
		{DB8372FC-C08B-41DD-88BA-385636AA0104}.Release|Any CPU.ActiveCfg = Release|Any CPU
		{DB8372FC-C08B-41DD-88BA-385636AA0104}.Release|Any CPU.Build.0 = Release|Any CPU
		{9F06AF55-38F8-49A2-B7EF-702F4A045F39}.Debug|Any CPU.ActiveCfg = Debug|Any CPU
		{9F06AF55-38F8-49A2-B7EF-702F4A045F39}.Debug|Any CPU.Build.0 = Debug|Any CPU
		{9F06AF55-38F8-49A2-B7EF-702F4A045F39}.Release|Any CPU.ActiveCfg = Release|Any CPU
		{9F06AF55-38F8-49A2-B7EF-702F4A045F39}.Release|Any CPU.Build.0 = Release|Any CPU
	EndGlobalSection
	GlobalSection(SolutionProperties) = preSolution
		HideSolutionNode = FALSE
	EndGlobalSection
	GlobalSection(ExtensibilityGlobals) = postSolution
		SolutionGuid = {3A8293A0-8370-4531-BEC1-C4BE6C833915}
	EndGlobalSection
EndGlobal
